
Microsoft Visual Studio Solution File, Format Version 12.00
# Visual Studio Version 17
VisualStudioVersion = 17.4.33122.133
MinimumVisualStudioVersion = 10.0.40219.1
Project("{9A19103F-16F7-4668-BE54-9A1E7A4F7556}") = "EAPS", "EAPS\EAPS.csproj", "{27D058CF-D998-48F1-83C8-07C1000EE062}"
EndProject
Project("{9A19103F-16F7-4668-BE54-9A1E7A4F7556}") = "Controls", "Infrastructure\Controls\Controls.csproj", "{13FBBE0D-BC04-427D-B2D5-742E97480F2A}"
EndProject
Project("{9A19103F-16F7-4668-BE54-9A1E7A4F7556}") = "Services", "Infrastructure\Services\Services.csproj", "{71831078-49B7-4E26-B2B5-933B56DB1FFB}"
EndProject
Project("{9A19103F-16F7-4668-BE54-9A1E7A4F7556}") = "DeviceCommunicators", "DevicesInfrastructures\DeviceCommunicators\DeviceCommunicators.csproj", "{AB1B2E39-0D17-4BCB-B3E0-07B516A85AD0}"
EndProject
Project("{9A19103F-16F7-4668-BE54-9A1E7A4F7556}") = "DeviceHandler", "DevicesInfrastructures\DeviceHandler\DeviceHandler.csproj", "{B4A7C14F-61E6-4713-A8BC-4637E7E43C17}"
EndProject
Project("{9A19103F-16F7-4668-BE54-9A1E7A4F7556}") = "Entities", "Infrastructure\Entities\Entities.csproj", "{2DB10441-FF50-4204-B3ED-B153349F2EDC}"
EndProject
Project("{9A19103F-16F7-4668-BE54-9A1E7A4F7556}") = "Communication", "Infrastructure\Communication\Communication.csproj", "{6289F2C7-E1E7-4E20-BBAF-FB406838D50B}"
EndProject
Project("{9A19103F-16F7-4668-BE54-9A1E7A4F7556}") = "Converters", "Infrastructure\Converters\Converters.csproj", "{948492C6-0DBF-48EF-8F66-B9ED2E2124E6}"
EndProject
Global
	GlobalSection(SolutionConfigurationPlatforms) = preSolution
		Debug|Any CPU = Debug|Any CPU
		Release|Any CPU = Release|Any CPU
	EndGlobalSection
	GlobalSection(ProjectConfigurationPlatforms) = postSolution
		{27D058CF-D998-48F1-83C8-07C1000EE062}.Debug|Any CPU.ActiveCfg = Debug|Any CPU
		{27D058CF-D998-48F1-83C8-07C1000EE062}.Debug|Any CPU.Build.0 = Debug|Any CPU
		{27D058CF-D998-48F1-83C8-07C1000EE062}.Release|Any CPU.ActiveCfg = Release|Any CPU
		{27D058CF-D998-48F1-83C8-07C1000EE062}.Release|Any CPU.Build.0 = Release|Any CPU
		{13FBBE0D-BC04-427D-B2D5-742E97480F2A}.Debug|Any CPU.ActiveCfg = Debug|Any CPU
		{13FBBE0D-BC04-427D-B2D5-742E97480F2A}.Debug|Any CPU.Build.0 = Debug|Any CPU
		{13FBBE0D-BC04-427D-B2D5-742E97480F2A}.Release|Any CPU.ActiveCfg = Release|Any CPU
		{13FBBE0D-BC04-427D-B2D5-742E97480F2A}.Release|Any CPU.Build.0 = Release|Any CPU
		{71831078-49B7-4E26-B2B5-933B56DB1FFB}.Debug|Any CPU.ActiveCfg = Debug|Any CPU
		{71831078-49B7-4E26-B2B5-933B56DB1FFB}.Debug|Any CPU.Build.0 = Debug|Any CPU
		{71831078-49B7-4E26-B2B5-933B56DB1FFB}.Release|Any CPU.ActiveCfg = Release|Any CPU
		{71831078-49B7-4E26-B2B5-933B56DB1FFB}.Release|Any CPU.Build.0 = Release|Any CPU
		{AB1B2E39-0D17-4BCB-B3E0-07B516A85AD0}.Debug|Any CPU.ActiveCfg = Debug|Any CPU
		{AB1B2E39-0D17-4BCB-B3E0-07B516A85AD0}.Debug|Any CPU.Build.0 = Debug|Any CPU
		{AB1B2E39-0D17-4BCB-B3E0-07B516A85AD0}.Release|Any CPU.ActiveCfg = Release|Any CPU
		{AB1B2E39-0D17-4BCB-B3E0-07B516A85AD0}.Release|Any CPU.Build.0 = Release|Any CPU
		{B4A7C14F-61E6-4713-A8BC-4637E7E43C17}.Debug|Any CPU.ActiveCfg = Debug|Any CPU
		{B4A7C14F-61E6-4713-A8BC-4637E7E43C17}.Debug|Any CPU.Build.0 = Debug|Any CPU
		{B4A7C14F-61E6-4713-A8BC-4637E7E43C17}.Release|Any CPU.ActiveCfg = Release|Any CPU
		{B4A7C14F-61E6-4713-A8BC-4637E7E43C17}.Release|Any CPU.Build.0 = Release|Any CPU
		{2DB10441-FF50-4204-B3ED-B153349F2EDC}.Debug|Any CPU.ActiveCfg = Debug|Any CPU
		{2DB10441-FF50-4204-B3ED-B153349F2EDC}.Debug|Any CPU.Build.0 = Debug|Any CPU
		{2DB10441-FF50-4204-B3ED-B153349F2EDC}.Release|Any CPU.ActiveCfg = Release|Any CPU
		{2DB10441-FF50-4204-B3ED-B153349F2EDC}.Release|Any CPU.Build.0 = Release|Any CPU
		{6289F2C7-E1E7-4E20-BBAF-FB406838D50B}.Debug|Any CPU.ActiveCfg = Debug|Any CPU
		{6289F2C7-E1E7-4E20-BBAF-FB406838D50B}.Debug|Any CPU.Build.0 = Debug|Any CPU
		{6289F2C7-E1E7-4E20-BBAF-FB406838D50B}.Release|Any CPU.ActiveCfg = Release|Any CPU
		{6289F2C7-E1E7-4E20-BBAF-FB406838D50B}.Release|Any CPU.Build.0 = Release|Any CPU
		{948492C6-0DBF-48EF-8F66-B9ED2E2124E6}.Debug|Any CPU.ActiveCfg = Debug|Any CPU
		{948492C6-0DBF-48EF-8F66-B9ED2E2124E6}.Debug|Any CPU.Build.0 = Debug|Any CPU
		{948492C6-0DBF-48EF-8F66-B9ED2E2124E6}.Release|Any CPU.ActiveCfg = Release|Any CPU
		{948492C6-0DBF-48EF-8F66-B9ED2E2124E6}.Release|Any CPU.Build.0 = Release|Any CPU
	EndGlobalSection
	GlobalSection(SolutionProperties) = preSolution
		HideSolutionNode = FALSE
	EndGlobalSection
	GlobalSection(ExtensibilityGlobals) = postSolution
		SolutionGuid = {8AD5B262-64F7-47D0-81B4-507A1353D594}
	EndGlobalSection
EndGlobal
